<Solution>
  <Folder Name="/src/" />
  <Folder Name="/src/1-Creational/" />

  <Folder Name="/src/1-Creational/1.1-Singleton/">
    <Project Path="src/1-Creational/1.1-Singleton/SingletonPattern/SingletonPattern.csproj" />
    <Project Path="src/1-Creational/1.1-Singleton/SingletonPattern.Tests/SingletonPattern.Tests.csproj" />
  </Folder>

  <Folder Name="/src/1-Creational/1.2-FactoryMethod/">
    <Project Path="src/1-Creational/1.2-FactoryMethod/FactoryMethodPattern/FactoryMethodPattern.csproj" />
    <Project Path="src/1-Creational/1.2-FactoryMethod/FactoryMethodPattern.Tests/FactoryMethodPattern.Tests.csproj" />
  </Folder>

  <Folder Name="/src/1-Creational/1.3-AbstractFactory/">
    <Project Path="src/1-Creational/1.3-AbstractFactory/AbstractFactoryPattern/AbstractFactoryPattern.csproj" />
    <Project Path="src/1-Creational/1.3-AbstractFactory/AbstractFactoryPattern.Tests/AbstractFactoryPattern.Tests.csproj" />
  </Folder>

  <Folder Name="/src/1-Creational/1.4-Builder/">
    <Project Path="src/1-Creational/1.4-Builder/BuilderPattern/BuilderPattern.csproj" />
    <Project Path="src/1-Creational/1.4-Builder/BuilderPattern.Tests/BuilderPattern.Tests.csproj" />
  </Folder>

  <Folder Name="/src/1-Creational/1.5-Prototype/">
    <Project Path="src/1-Creational/1.5-Prototype/PrototypePattern/PrototypePattern.csproj" />
    <Project Path="src/1-Creational/1.5-Prototype/PrototypePattern.Tests/PrototypePattern.Tests.csproj" />
  </Folder>

  <Folder Name="/src/1-Creational/1.6-ObjectPool/">
    <Project Path="src/1-Creational/1.6-ObjectPool/ObjectPoolPattern/ObjectPoolPattern.csproj" />
    <Project Path="src/1-Creational/1.6-ObjectPool/ObjectPoolPattern.Tests/ObjectPoolPattern.Tests.csproj" />
  </Folder>

  <Folder Name="/src/2-Structural/" />
  <Folder Name="/src/2-Structural/2.1-Adapter/">
    <Project Path="src/2-Structural/2.1-Adapter/AdapterPattern/AdapterPattern.csproj" />
    <Project Path="src/2-Structural/2.1-Adapter/AdapterPattern.Tests/AdapterPattern.Tests.csproj" />
  </Folder>

  <Folder Name="/src/2-Structural/2.2-Bridge/">
    <Project Path="src/2-Structural/2.2-Bridge/BridgePattern/BridgePattern.csproj" />
    <Project Path="src/2-Structural/2.2-Bridge/BridgePattern.Tests/BridgePattern.Tests.csproj" />
  </Folder>

  <Folder Name="/src/2-Structural/2.3-Composite/">
    <Project Path="src/2-Structural/2.3-Composite/CompositePattern/CompositePattern.csproj" />
    <Project Path="src/2-Structural/2.3-Composite/CompositePattern.Tests/CompositePattern.Tests.csproj" />
  </Folder>

  <Folder Name="/src/2-Structural/2.4-Decorator/">
    <Project Path="src/2-Structural/2.4-Decorator/DecoratorPattern/DecoratorPattern.csproj" />
    <Project Path="src/2-Structural/2.4-Decorator/DecoratorPattern.Tests/DecoratorPattern.Tests.csproj" />
  </Folder>

  <Folder Name="/src/2-Structural/2.5-Facade/">
    <Project Path="src/2-Structural/2.5-Facade/FacadePattern/FacadePattern.csproj" />
    <Project Path="src/2-Structural/2.5-Facade/FacadePattern.Tests/FacadePattern.Tests.csproj" />
  </Folder>

  <Folder Name="/src/2-Structural/2.6-Flyweight/">
    <Project Path="src/2-Structural/2.6-Flyweight/FlyweightPattern/FlyweightPattern.csproj" />
    <Project Path="src/2-Structural/2.6-Flyweight/FlyweightPattern.Tests/FlyweightPattern.Tests.csproj" />
  </Folder>

  <Folder Name="/src/2-Structural/2.7-Proxy/">
    <Project Path="src/2-Structural/2.7-Proxy/ProxyPattern/ProxyPattern.csproj" />
    <Project Path="src/2-Structural/2.7-Proxy/ProxyPattern.Tests/ProxyPattern.Tests.csproj" />
  </Folder>

  <Folder Name="/src/3-Behavioral/" />
  <Folder Name="/src/3-Behavioral/3.01-ChainOfResponsibility/">
    <Project Path="src/3-Behavioral/3.01-ChainOfResponsibility/ChainOfResponsibilityPattern/ChainOfResponsibilityPattern.csproj" />
    <Project Path="src/3-Behavioral/3.01-ChainOfResponsibility/ChainOfResponsibilityPattern.Tests/ChainOfResponsibilityPattern.Tests.csproj" />
  </Folder>

  <Folder Name="/src/3-Behavioral/3.02-Command/">
    <Project Path="src/3-Behavioral/3.02-Command/CommandPattern/CommandPattern.csproj" />
    <Project Path="src/3-Behavioral/3.02-Command/CommandPattern.Tests/CommandPattern.Tests.csproj" />
  </Folder>

  <Folder Name="/src/3-Behavioral/3.03-Interpreter/">
    <Project Path="src/3-Behavioral/3.03-Interpreter/InterpreterPattern/InterpreterPattern.csproj" />
    <Project Path="src/3-Behavioral/3.03-Interpreter/InterpreterPattern.Tests/InterpreterPattern.Tests.csproj" />
  </Folder>

  <Folder Name="/src/3-Behavioral/3.04-Iterator/">
    <Project Path="src/3-Behavioral/3.04-Iterator/IteratorPattern/IteratorPattern.csproj" />
    <Project Path="src/3-Behavioral/3.04-Iterator/IteratorPattern.Tests/IteratorPattern.Tests.csproj" />
  </Folder>

  <Folder Name="/src/3-Behavioral/3.05-Mediator/">
    <Project Path="src/3-Behavioral/3.05-Mediator/MediatorPattern/MediatorPattern.csproj" />
    <Project Path="src/3-Behavioral/3.05-Mediator/MediatorPattern.Tests/MediatorPattern.Tests.csproj" />
  </Folder>

  <Folder Name="/src/3-Behavioral/3.06-Memento/">
    <Project Path="src/3-Behavioral/3.06-Memento/MementoPattern/MementoPattern.csproj" />
    <Project Path="src/3-Behavioral/3.06-Memento/MementoPattern.Tests/MementoPattern.Tests.csproj" />
  </Folder>

  <Folder Name="/src/3-Behavioral/3.07-Observer/">
    <Project Path="src/3-Behavioral/3.07-Observer/ObserverPattern/ObserverPattern.csproj" />
    <Project Path="src/3-Behavioral/3.07-Observer/ObserverPattern.Tests/ObserverPattern.Tests.csproj" />
  </Folder>
  <Folder Name="/src/3-Behavioral/3.08-State/">
    <Project Path="src/3-Behavioral/3.08-State/StatePattern.Tests/StatePattern.Tests.csproj" />
    <Project Path="src/3-Behavioral/3.08-State/StatePattern/StatePattern.csproj" />
  </Folder>
  <Folder Name="/src/3-Behavioral/3.09-Strategy/">
    <Project Path="src/3-Behavioral/3.09-Strategy/StrategyPattern.Tests/StrategyPattern.Tests.csproj" />
    <Project Path="src/3-Behavioral/3.09-Strategy/StrategyPattern/StrategyPattern.csproj" />
  </Folder>
  <Folder Name="/src/3-Behavioral/3.10-TemplateMethod/">
    <Project Path="src/3-Behavioral/3.10-TemplateMethod/TemplateMethodPattern.Tests/TemplateMethodPattern.Tests.csproj" />
    <Project Path="src/3-Behavioral/3.10-TemplateMethod/TemplateMethodPattern/TemplateMethodPattern.csproj" />
  </Folder>
  <Folder Name="/src/3-Behavioral/3.11-Visitor/">
    <Project Path="src/3-Behavioral/3.11-Visitor/VisitorPattern.Tests/VisitorPattern.Tests.csproj" />
    <Project Path="src/3-Behavioral/3.11-Visitor/VisitorPattern/VisitorPattern.csproj" />
  </Folder>
  <Folder Name="/src/3-Behavioral/3.12-NullObject/">
    <Project Path="src/3-Behavioral/3.12-NullObject/NullObjectPattern.Tests/NullObjectPattern.Tests.csproj" />
    <Project Path="src/3-Behavioral/3.12-NullObject/NullObjectPattern/NullObjectPattern.csproj" />
  </Folder>
  <Folder Name="/src/3-Behavioral/3.13-Pipeline/">
    <Project Path="src/3-Behavioral/3.13-Pipeline/PipelinePattern.Tests/PipelinePattern.Tests.csproj" />
    <Project Path="src/3-Behavioral/3.13-Pipeline/PipelinePattern/PipelinePattern.csproj" />
  </Folder>

  <Folder Name="/src/4-Enterprise/" />
  <Folder Name="/src/4-Enterprise/4.01-Repository/">
    <Project Path="src/4-Enterprise/4.01-Repository/RepositoryPattern.Tests/RepositoryPattern.Tests.csproj" />
    <Project Path="src/4-Enterprise/4.01-Repository/RepositoryPattern/RepositoryPattern.csproj" />
  </Folder>
  <Folder Name="/src/4-Enterprise/4.02-UnitOfWork/">
    <Project Path="src/4-Enterprise/4.02-UnitOfWork/UnitOfWorkPattern.Tests/UnitOfWorkPattern.Tests.csproj" />
    <Project Path="src/4-Enterprise/4.02-UnitOfWork/UnitOfWorkPattern/UnitOfWorkPattern.csproj" />
  </Folder>
  <Folder Name="/src/4-Enterprise/4.03-CQRS/">
    <Project Path="src/4-Enterprise/4.03-CQRS/CQRSPattern.Tests/CQRSPattern.Tests.csproj" />
    <Project Path="src/4-Enterprise/4.03-CQRS/CQRSPattern/CQRSPattern.csproj" />
  </Folder>
  <Folder Name="/src/4-Enterprise/4.04-Specification/">
    <Project Path="src/4-Enterprise/4.04-Specification/SpecificationPattern.Tests/SpecificationPattern.Tests.csproj" />
    <Project Path="src/4-Enterprise/4.04-Specification/SpecificationPattern/SpecificationPattern.csproj" />
  </Folder>
  <Folder Name="/src/4-Enterprise/4.05-DependencyInjection/">
    <Project Path="src/4-Enterprise/4.05-DependencyInjection/DependencyInjectionPattern.Tests/DependencyInjectionPattern.Tests.csproj" />
    <Project Path="src/4-Enterprise/4.05-DependencyInjection/DependencyInjectionPattern/DependencyInjectionPattern.csproj" />
  </Folder>
  <Folder Name="/src/4-Enterprise/4.06-ServiceLayer/">
    <Project Path="src/4-Enterprise/4.06-ServiceLayer/ServiceLayerPattern.Tests/ServiceLayerPattern.Tests.csproj" />
    <Project Path="src/4-Enterprise/4.06-ServiceLayer/ServiceLayerPattern/ServiceLayerPattern.csproj" />
  </Folder>
  <Folder Name="/src/4-Enterprise/4.07-DataMapper/">
    <Project Path="src/4-Enterprise/4.07-DataMapper/DataMapperPattern.Tests/DataMapperPattern.Tests.csproj" />
    <Project Path="src/4-Enterprise/4.07-DataMapper/DataMapperPattern/DataMapperPattern.csproj" />
  </Folder>
  <Folder Name="/src/4-Enterprise/4.08-ActiveRecord/">
    <Project Path="src/4-Enterprise/4.08-ActiveRecord/ActiveRecordPattern.Tests/ActiveRecordPattern.Tests.csproj" />
    <Project Path="src/4-Enterprise/4.08-ActiveRecord/ActiveRecordPattern/ActiveRecordPattern.csproj" />
  </Folder>
  <Folder Name="/src/4-Enterprise/4.09-IdentityMap/">
    <Project Path="src/4-Enterprise/4.09-IdentityMap/IdentityMapPattern.Tests/IdentityMapPattern.Tests.csproj" />
    <Project Path="src/4-Enterprise/4.09-IdentityMap/IdentityMapPattern/IdentityMapPattern.csproj" />
  </Folder>
  <Folder Name="/src/4-Enterprise/4.10-LazyLoad/">
    <Project Path="src/4-Enterprise/4.10-LazyLoad/LazyLoadPattern.Tests/LazyLoadPattern.Tests.csproj" />
    <Project Path="src/4-Enterprise/4.10-LazyLoad/LazyLoadPattern/LazyLoadPattern.csproj" />
  </Folder>
  <Folder Name="/src/4-Enterprise/4.11-ValueObject/">
    <Project Path="src/4-Enterprise/4.11-ValueObject/ValueObjectPattern.Tests/ValueObjectPattern.Tests.csproj" />
    <Project Path="src/4-Enterprise/4.11-ValueObject/ValueObjectPattern/ValueObjectPattern.csproj" />
  </Folder>
  <Folder Name="/src/4-Enterprise/4.12-DomainEvent/">
    <Project Path="src/4-Enterprise/4.12-DomainEvent/DomainEventPattern.Tests/DomainEventPattern.Tests.csproj" />
    <Project Path="src/4-Enterprise/4.12-DomainEvent/DomainEventPattern/DomainEventPattern.csproj" />
  </Folder>
  <Folder Name="/src/4-Enterprise/4.13-AggregateRoot/">
    <Project Path="src/4-Enterprise/4.13-AggregateRoot/AggregateRootPattern.Tests/AggregateRootPattern.Tests.csproj" />
    <Project Path="src/4-Enterprise/4.13-AggregateRoot/AggregateRootPattern/AggregateRootPattern.csproj" />
  </Folder>

  <Folder Name="/src/4-Enterprise/4.14-Entity/">
    <Project Path="src/4-Enterprise/4.14-Entity/EntityPattern.Tests/EntityPattern.Tests.csproj" />
    <Project Path="src/4-Enterprise/4.14-Entity/EntityPattern/EntityPattern.csproj" />
  </Folder>

  <Folder Name="/src/4-Enterprise/4.15-EventSourcing/">
    <Project Path="src/4-Enterprise/4.15-EventSourcing/EventSourcingPattern.Tests/EventSourcingPattern.Tests.csproj" />
    <Project Path="src/4-Enterprise/4.15-EventSourcing/EventSourcingPattern/EventSourcingPattern.csproj" />
  </Folder>

  <Folder Name="/src/4-Enterprise/4.16-CircuitBreaker/">
    <Project Path="src/4-Enterprise/4.16-CircuitBreaker/CircuitBreakerPattern.Tests/CircuitBreakerPattern.Tests.csproj" />
    <Project Path="src/4-Enterprise/4.16-CircuitBreaker/CircuitBreakerPattern/CircuitBreakerPattern.csproj" />
  </Folder>

  <Folder Name="/src/4-Enterprise/4.17-RetryPattern/">
    <Project Path="src/4-Enterprise/4.17-RetryPattern/RetryPattern.Tests/RetryPattern.Tests.csproj" />
    <Project Path="src/4-Enterprise/4.17-RetryPattern/RetryPattern/RetryPattern.csproj" />
  </Folder>

  <Folder Name="/src/4-Enterprise/4.18-Bulkhead/">
    <Project Path="src/4-Enterprise/4.18-Bulkhead/BulkheadPattern.Tests/BulkheadPattern.Tests.csproj" />
    <Project Path="src/4-Enterprise/4.18-Bulkhead/BulkheadPattern/BulkheadPattern.csproj" />
  </Folder>

  <Folder Name="/src/4-Enterprise/4.19-SagaPattern/">
    <Project Path="src/4-Enterprise/4.19-SagaPattern/SagaPattern.Tests/SagaPattern.Tests.csproj" />
    <Project Path="src/4-Enterprise/4.19-SagaPattern/SagaPattern/SagaPattern.csproj" />
  </Folder>

  <Folder Name="/src/4-Enterprise/4.20-OutboxPattern/">
    <Project Path="src/4-Enterprise/4.20-OutboxPattern/OutboxPattern.Tests/OutboxPattern.Tests.csproj" />
    <Project Path="src/4-Enterprise/4.20-OutboxPattern/OutboxPattern/OutboxPattern.csproj" />
  </Folder>

  <Folder Name="/src/4-Enterprise/4.21-ResultPattern/">
    <Project Path="src/4-Enterprise/4.21-ResultPattern/ResultPattern.Tests/ResultPattern.Tests.csproj" />
    <Project Path="src/4-Enterprise/4.21-ResultPattern/ResultPattern/ResultPattern.csproj" />
  </Folder>

  <Folder Name="/src/4-Enterprise/4.22-OptionsPattern/">
    <Project Path="src/4-Enterprise/4.22-OptionsPattern/OptionsPattern.Tests/OptionsPattern.Tests.csproj" />
    <Project Path="src/4-Enterprise/4.22-OptionsPattern/OptionsPattern/OptionsPattern.csproj" />
  </Folder>

  <Folder Name="/src/4-Enterprise/4.23-DTO/">
    <Project Path="src/4-Enterprise/4.23-DTO/DTOPattern.Tests/DTOPattern.Tests.csproj" />
    <Project Path="src/4-Enterprise/4.23-DTO/DTOPattern/DTOPattern.csproj" />
  </Folder>
  <Folder Name="/src/4-Enterprise/4.24-PublishSubscribe/">
    <Project Path="src/4-Enterprise/4.24-PublishSubscribe/PublishSubscribePattern.Tests/PublishSubscribePattern.Tests.csproj" />
    <Project Path="src/4-Enterprise/4.24-PublishSubscribe/PublishSubscribePattern/PublishSubscribePattern.csproj" />
  </Folder>
  <Folder Name="/src/4-Enterprise/4.25-CacheAside/">
    <Project Path="src/4-Enterprise/4.25-CacheAside/CacheAsidePattern.Tests/CacheAsidePattern.Tests.csproj" />
    <Project Path="src/4-Enterprise/4.25-CacheAside/CacheAsidePattern/CacheAsidePattern.csproj" />
  </Folder>
</Solution>
